{
    "_readme": [
        "This file locks the dependencies of your project to a known state",
        "Read more about it at https://getcomposer.org/doc/01-basic-usage.md#composer-lock-the-lock-file",
        "This file is @generated automatically"
    ],
    "hash": "18e23aad0622a1f0e66528a4abbb52f6",
    "content-hash": "42c9b3042298e54d8c0d2c08f3e12572",
    "packages": [
        {
            "name": "composer/installers",
            "version": "v1.2.0",
            "source": {
                "type": "git",
                "url": "https://github.com/composer/installers.git",
                "reference": "d78064c68299743e0161004f2de3a0204e33b804"
            },
            "dist": {
                "type": "zip",
                "url": "https://api.github.com/repos/composer/installers/zipball/d78064c68299743e0161004f2de3a0204e33b804",
                "reference": "d78064c68299743e0161004f2de3a0204e33b804",
                "shasum": ""
            },
            "require": {
                "composer-plugin-api": "^1.0"
            },
            "replace": {
                "roundcube/plugin-installer": "*",
                "shama/baton": "*"
            },
            "require-dev": {
                "composer/composer": "1.0.*@dev",
                "phpunit/phpunit": "4.1.*"
            },
            "type": "composer-plugin",
            "extra": {
                "class": "Composer\\Installers\\Plugin",
                "branch-alias": {
                    "dev-master": "1.0-dev"
                }
            },
            "autoload": {
                "psr-4": {
                    "Composer\\Installers\\": "src/Composer/Installers"
                }
            },
            "notification-url": "https://packagist.org/downloads/",
            "license": [
                "MIT"
            ],
            "authors": [
                {
                    "name": "Kyle Robinson Young",
                    "email": "kyle@dontkry.com",
                    "homepage": "https://github.com/shama"
                }
            ],
            "description": "A multi-framework Composer library installer",
            "homepage": "https://composer.github.io/installers/",
            "keywords": [
                "Craft",
                "Dolibarr",
                "Hurad",
                "ImageCMS",
                "MODX Evo",
                "Mautic",
                "OXID",
                "Plentymarkets",
                "RadPHP",
                "SMF",
                "Thelia",
                "WolfCMS",
                "agl",
                "aimeos",
                "annotatecms",
                "attogram",
                "bitrix",
                "cakephp",
                "chef",
                "cockpit",
                "codeigniter",
                "concrete5",
                "croogo",
                "dokuwiki",
                "drupal",
                "elgg",
                "expressionengine",
                "fuelphp",
                "grav",
                "installer",
                "joomla",
                "kohana",
                "laravel",
                "lithium",
                "magento",
                "mako",
                "mediawiki",
                "modulework",
                "moodle",
                "phpbb",
                "piwik",
                "ppi",
                "puppet",
                "reindex",
                "roundcube",
                "shopware",
                "silverstripe",
                "symfony",
                "typo3",
                "wordpress",
                "yawik",
                "zend",
                "zikula"
            ],
            "time": "2016-08-13 20:53:52"
        },
        {
            "name": "misfist/advanced-custom-fields",
            "version": "master",
            "dist": {
                "type": "zip",
                "url": "https://github.com/misfist/advanced-custom-fields/archive/master.zip",
                "reference": null,
                "shasum": null
            },
            "type": "wordpress-plugin"
        },
        {
            "name": "wpackagist-plugin/admin-management-xtended",
            "version": "2.4.0.1",
            "source": {
                "type": "svn",
                "url": "https://plugins.svn.wordpress.org/admin-management-xtended/",
                "reference": "tags/2.4.0.1"
            },
            "dist": {
                "type": "zip",
                "url": "https://downloads.wordpress.org/plugin/admin-management-xtended.2.4.0.1.zip",
                "reference": null,
                "shasum": null
            },
            "require": {
                "composer/installers": "~1.0"
            },
            "type": "wordpress-plugin",
            "homepage": "https://wordpress.org/plugins/admin-management-xtended/"
        },
        {
            "name": "wpackagist-plugin/admin-post-navigation",
            "version": "2.0",
            "source": {
                "type": "svn",
                "url": "https://plugins.svn.wordpress.org/admin-post-navigation/",
                "reference": "tags/2.0"
            },
            "dist": {
                "type": "zip",
                "url": "https://downloads.wordpress.org/plugin/admin-post-navigation.2.0.zip",
                "reference": null,
                "shasum": null
            },
            "require": {
                "composer/installers": "~1.0"
            },
            "type": "wordpress-plugin",
            "homepage": "https://wordpress.org/plugins/admin-post-navigation/"
        },
        {
            "name": "wpackagist-plugin/backupwordpress",
            "version": "3.6.2",
            "source": {
                "type": "svn",
                "url": "https://plugins.svn.wordpress.org/backupwordpress/",
                "reference": "tags/3.6.2"
            },
            "dist": {
                "type": "zip",
                "url": "https://downloads.wordpress.org/plugin/backupwordpress.3.6.2.zip",
                "reference": null,
                "shasum": null
            },
            "require": {
                "composer/installers": "~1.0"
            },
            "type": "wordpress-plugin",
            "homepage": "https://wordpress.org/plugins/backupwordpress/"
        },
        {
            "name": "wpackagist-plugin/caldera-forms",
            "version": "1.4.3.1",
            "source": {
                "type": "svn",
                "url": "https://plugins.svn.wordpress.org/caldera-forms/",
                "reference": "tags/1.4.3.1"
            },
            "dist": {
                "type": "zip",
                "url": "https://downloads.wordpress.org/plugin/caldera-forms.1.4.3.1.zip",
                "reference": null,
                "shasum": null
            },
            "require": {
                "composer/installers": "~1.0"
            },
            "type": "wordpress-plugin",
            "homepage": "https://wordpress.org/plugins/caldera-forms/"
        },
        {
            "name": "wpackagist-plugin/google-sitemap-generator",
            "version": "4.0.8",
            "source": {
                "type": "svn",
                "url": "https://plugins.svn.wordpress.org/google-sitemap-generator/",
                "reference": "tags/4.0.8"
            },
            "dist": {
                "type": "zip",
                "url": "https://downloads.wordpress.org/plugin/google-sitemap-generator.4.0.8.zip",
                "reference": null,
                "shasum": null
            },
            "require": {
                "composer/installers": "~1.0"
            },
            "type": "wordpress-plugin",
            "homepage": "https://wordpress.org/plugins/google-sitemap-generator/"
        },
        {
            "name": "wpackagist-plugin/jetpack",
            "version": "4.3.2",
            "source": {
                "type": "svn",
                "url": "https://plugins.svn.wordpress.org/jetpack/",
                "reference": "tags/4.3.2"
            },
            "dist": {
                "type": "zip",
                "url": "https://downloads.wordpress.org/plugin/jetpack.4.3.2.zip",
                "reference": null,
                "shasum": null
            },
            "require": {
                "composer/installers": "~1.0"
            },
            "type": "wordpress-plugin",
            "homepage": "https://wordpress.org/plugins/jetpack/"
        },
        {
            "name": "wpackagist-plugin/postman-smtp",
            "version": "1.7.2",
            "source": {
                "type": "svn",
                "url": "https://plugins.svn.wordpress.org/postman-smtp/",
                "reference": "tags/1.7.2"
            },
            "dist": {
                "type": "zip",
                "url": "https://downloads.wordpress.org/plugin/postman-smtp.1.7.2.zip",
                "reference": null,
                "shasum": null
            },
            "require": {
                "composer/installers": "~1.0"
            },
            "type": "wordpress-plugin",
            "homepage": "https://wordpress.org/plugins/postman-smtp/"
        },
        {
            "name": "wpackagist-plugin/w3-total-cache",
            "version": "0.9.5.1",
            "source": {
                "type": "svn",
                "url": "https://plugins.svn.wordpress.org/w3-total-cache/",
                "reference": "tags/0.9.5.1"
            },
            "dist": {
                "type": "zip",
                "url": "https://downloads.wordpress.org/plugin/w3-total-cache.0.9.5.1.zip",
                "reference": null,
                "shasum": null
            },
            "require": {
                "composer/installers": "~1.0"
            },
            "type": "wordpress-plugin",
            "homepage": "https://wordpress.org/plugins/w3-total-cache/"
        },
        {
            "name": "wpackagist-plugin/wp-piwik",
            "version": "1.0.12",
            "source": {
                "type": "svn",
                "url": "https://plugins.svn.wordpress.org/wp-piwik/",
                "reference": "tags/1.0.12"
            },
            "dist": {
                "type": "zip",
                "url": "https://downloads.wordpress.org/plugin/wp-piwik.1.0.12.zip",
                "reference": null,
                "shasum": null
            },
            "require": {
                "composer/installers": "~1.0"
            },
            "type": "wordpress-plugin",
            "homepage": "https://wordpress.org/plugins/wp-piwik/"
        }
    ],
    "packages-dev": [
        {
            "name": "wpackagist-plugin/developer",
            "version": "1.2.6",
            "source": {
                "type": "svn",
                "url": "https://plugins.svn.wordpress.org/developer/",
                "reference": "tags/1.2.6"
            },
            "dist": {
                "type": "zip",
                "url": "https://downloads.wordpress.org/plugin/developer.1.2.6.zip",
                "reference": null,
                "shasum": null
            },
            "require": {
                "composer/installers": "~1.0"
            },
            "type": "wordpress-plugin",
            "homepage": "https://wordpress.org/plugins/developer/"
        },
        {
            "name": "wpackagist-plugin/regenerate-thumbnails",
            "version": "2.2.6",
            "source": {
                "type": "svn",
                "url": "https://plugins.svn.wordpress.org/regenerate-thumbnails/",
                "reference": "tags/2.2.6"
            },
            "dist": {
                "type": "zip",
                "url": "https://downloads.wordpress.org/plugin/regenerate-thumbnails.2.2.6.zip",
                "reference": null,
                "shasum": null
            },
            "require": {
                "composer/installers": "~1.0"
            },
            "type": "wordpress-plugin",
            "homepage": "https://wordpress.org/plugins/regenerate-thumbnails/"
        },
        {
            "name": "wpackagist-plugin/rest-api-console",
            "version": "2.0.1",
            "source": {
                "type": "svn",
                "url": "https://plugins.svn.wordpress.org/rest-api-console/",
                "reference": "tags/2.0.1"
            },
            "dist": {
                "type": "zip",
                "url": "https://downloads.wordpress.org/plugin/rest-api-console.2.0.1.zip",
                "reference": null,
                "shasum": null
            },
            "require": {
                "composer/installers": "~1.0"
            },
            "type": "wordpress-plugin",
            "homepage": "https://wordpress.org/plugins/rest-api-console/"
        },
        {
            "name": "wpackagist-plugin/rewrite-rules-inspector",
            "version": "1.2.1",
            "source": {
                "type": "svn",
                "url": "https://plugins.svn.wordpress.org/rewrite-rules-inspector/",
                "reference": "tags/1.2.1"
            },
            "dist": {
                "type": "zip",
                "url": "https://downloads.wordpress.org/plugin/rewrite-rules-inspector.1.2.1.zip",
                "reference": null,
                "shasum": null
            },
            "require": {
                "composer/installers": "~1.0"
            },
            "type": "wordpress-plugin",
            "homepage": "https://wordpress.org/plugins/rewrite-rules-inspector/"
        },
        {
            "name": "wpackagist-plugin/theme-check",
            "version": "20160523.1",
            "source": {
                "type": "svn",
                "url": "https://plugins.svn.wordpress.org/theme-check/",
                "reference": "tags/20160523.1"
            },
            "dist": {
                "type": "zip",
                "url": "https://downloads.wordpress.org/plugin/theme-check.20160523.1.zip",
                "reference": null,
                "shasum": null
            },
            "require": {
                "composer/installers": "~1.0"
            },
            "type": "wordpress-plugin",
            "homepage": "https://wordpress.org/plugins/theme-check/"
        },
        {
            "name": "wpackagist-plugin/user-switching",
            "version": "1.0.9",
            "source": {
                "type": "svn",
                "url": "https://plugins.svn.wordpress.org/user-switching/",
                "reference": "tags/1.0.9"
            },
            "dist": {
                "type": "zip",
                "url": "https://downloads.wordpress.org/plugin/user-switching.1.0.9.zip",
                "reference": null,
                "shasum": null
            },
            "require": {
                "composer/installers": "~1.0"
            },
            "type": "wordpress-plugin",
            "homepage": "https://wordpress.org/plugins/user-switching/"
        },
        {
            "name": "wpackagist-plugin/which-template",
            "version": "4.0",
            "source": {
                "type": "svn",
                "url": "https://plugins.svn.wordpress.org/which-template/",
                "reference": "tags/4.0"
            },
            "dist": {
                "type": "zip",
                "url": "https://downloads.wordpress.org/plugin/which-template.4.0.zip",
                "reference": null,
                "shasum": null
            },
            "require": {
                "composer/installers": "~1.0"
            },
            "type": "wordpress-plugin",
            "homepage": "https://wordpress.org/plugins/which-template/"
        },
        {
            "name": "wpackagist-plugin/wordpress-importer",
            "version": "0.6.3",
            "source": {
                "type": "svn",
                "url": "https://plugins.svn.wordpress.org/wordpress-importer/",
                "reference": "tags/0.6.3"
            },
            "dist": {
                "type": "zip",
                "url": "https://downloads.wordpress.org/plugin/wordpress-importer.0.6.3.zip",
                "reference": null,
                "shasum": null
            },
            "require": {
                "composer/installers": "~1.0"
            },
            "type": "wordpress-plugin",
            "homepage": "https://wordpress.org/plugins/wordpress-importer/"
        },
        {
            "name": "wpackagist-plugin/wp-log-viewer",
            "version": "1.0.7",
            "source": {
                "type": "svn",
                "url": "https://plugins.svn.wordpress.org/wp-log-viewer/",
                "reference": "tags/1.0.7"
            },
            "dist": {
                "type": "zip",
                "url": "https://downloads.wordpress.org/plugin/wp-log-viewer.1.0.7.zip",
                "reference": null,
                "shasum": null
            },
            "require": {
                "composer/installers": "~1.0"
            },
            "type": "wordpress-plugin",
            "homepage": "https://wordpress.org/plugins/wp-log-viewer/"
        }
    ],
    "aliases": [],
    "minimum-stability": "stable",
    "stability-flags": {
        "misfist/advanced-custom-fields": 20
    },
    "prefer-stable": false,
    "prefer-lowest": false,
    "platform": [],
    "platform-dev": []
}
